
Microsoft Visual Studio Solution File, Format Version 12.00
# Visual Studio Version 17
VisualStudioVersion = 17.1.32319.34
MinimumVisualStudioVersion = 10.0.40219.1
Project("{FAE04EC0-301F-11D3-BF4B-00C04F79EFBC}") = "Soundclouder", "Soundclouder\Soundclouder.csproj", "{EF012525-9026-4B05-B426-FA205C48EF71}"
EndProject
Project("{FAE04EC0-301F-11D3-BF4B-00C04F79EFBC}") = "SoundclouderTestClient", "SoundclouderTestClient\SoundclouderTestClient.csproj", "{E1BB9C1C-67A8-456D-9BF6-B82FD06B6C0B}"
	ProjectSection(ProjectDependencies) = postProject
		{EF012525-9026-4B05-B426-FA205C48EF71} = {EF012525-9026-4B05-B426-FA205C48EF71}
	EndProjectSection
EndProject
Global
	GlobalSection(SolutionConfigurationPlatforms) = preSolution
		Debug|Any CPU = Debug|Any CPU
		Release|Any CPU = Release|Any CPU
	EndGlobalSection
	GlobalSection(ProjectConfigurationPlatforms) = postSolution
		{EF012525-9026-4B05-B426-FA205C48EF71}.Debug|Any CPU.ActiveCfg = Debug|Any CPU
		{EF012525-9026-4B05-B426-FA205C48EF71}.Debug|Any CPU.Build.0 = Debug|Any CPU
		{EF012525-9026-4B05-B426-FA205C48EF71}.Release|Any CPU.ActiveCfg = Release|Any CPU
		{EF012525-9026-4B05-B426-FA205C48EF71}.Release|Any CPU.Build.0 = Release|Any CPU
		{E1BB9C1C-67A8-456D-9BF6-B82FD06B6C0B}.Debug|Any CPU.ActiveCfg = Debug|Any CPU
		{E1BB9C1C-67A8-456D-9BF6-B82FD06B6C0B}.Debug|Any CPU.Build.0 = Debug|Any CPU
		{E1BB9C1C-67A8-456D-9BF6-B82FD06B6C0B}.Release|Any CPU.ActiveCfg = Release|Any CPU
		{E1BB9C1C-67A8-456D-9BF6-B82FD06B6C0B}.Release|Any CPU.Build.0 = Release|Any CPU
	EndGlobalSection
	GlobalSection(SolutionProperties) = preSolution
		HideSolutionNode = FALSE
	EndGlobalSection
	GlobalSection(ExtensibilityGlobals) = postSolution
		SolutionGuid = {FC70D1DF-6D5B-4DD0-9F71-B44BC3A520C0}
	EndGlobalSection
EndGlobal
